
Microsoft Visual Studio Solution File, Format Version 12.00
# Visual Studio Version 17
VisualStudioVersion = 17.9.34728.123
MinimumVisualStudioVersion = 10.0.40219.1
Project("{8BC9CEB8-8B4A-11D0-8D11-00A0C91BC942}") = "RestaurantApi", "RestaurantApi\RestaurantApi.vcxproj", "{865356A3-FF85-4E64-BF20-885E576FD7F8}"
EndProject
Global
	GlobalSection(SolutionConfigurationPlatforms) = preSolution
		Debug|x64 = Debug|x64
		Debug|x86 = Debug|x86
		Release|x64 = Release|x64
		Release|x86 = Release|x86
	EndGlobalSection
	GlobalSection(ProjectConfigurationPlatforms) = postSolution
		{865356A3-FF85-4E64-BF20-885E576FD7F8}.Debug|x64.ActiveCfg = Debug|x64
		{865356A3-FF85-4E64-BF20-885E576FD7F8}.Debug|x64.Build.0 = Debug|x64
		{865356A3-FF85-4E64-BF20-885E576FD7F8}.Debug|x86.ActiveCfg = Debug|Win32
		{865356A3-FF85-4E64-BF20-885E576FD7F8}.Debug|x86.Build.0 = Debug|Win32
		{865356A3-FF85-4E64-BF20-885E576FD7F8}.Release|x64.ActiveCfg = Release|x64
		{865356A3-FF85-4E64-BF20-885E576FD7F8}.Release|x64.Build.0 = Release|x64
		{865356A3-FF85-4E64-BF20-885E576FD7F8}.Release|x86.ActiveCfg = Release|Win32
		{865356A3-FF85-4E64-BF20-885E576FD7F8}.Release|x86.Build.0 = Release|Win32
	EndGlobalSection
	GlobalSection(SolutionProperties) = preSolution
		HideSolutionNode = FALSE
	EndGlobalSection
	GlobalSection(ExtensibilityGlobals) = postSolution
		SolutionGuid = {BD4B024D-1946-46F4-95BD-051B7317FD0D}
	EndGlobalSection
EndGlobal
