
Microsoft Visual Studio Solution File, Format Version 12.00
# Visual Studio Version 17
VisualStudioVersion = 17.9.34728.123
MinimumVisualStudioVersion = 10.0.40219.1
Project("{2150E333-8FDC-42A3-9474-1A3956D46DE8}") = "src", "src", "{BA78CDF9-47FD-413F-BF72-0C337FBBBEE5}"
EndProject
Project("{2150E333-8FDC-42A3-9474-1A3956D46DE8}") = "Common", "Common", "{F5018D5C-6F1D-4C5C-B9ED-B3D82A937A03}"
EndProject
Project("{2150E333-8FDC-42A3-9474-1A3956D46DE8}") = "Core", "Core", "{2C3E6099-617F-4FA5-B383-17E07B4A6363}"
EndProject
Project("{2150E333-8FDC-42A3-9474-1A3956D46DE8}") = "Infrastructure", "Infrastructure", "{B810C47D-30A9-44F5-8427-D7C3C90EF7DD}"
EndProject
Project("{2150E333-8FDC-42A3-9474-1A3956D46DE8}") = "Presentation", "Presentation", "{9C237E09-AB37-455B-9181-3EC6559509A2}"
EndProject
Project("{FAE04EC0-301F-11D3-BF4B-00C04F79EFBC}") = "Restaurant.Common", "src\Common\Restaurant.Common\Restaurant.Common.csproj", "{62000823-AA48-4799-B44C-A2B96AA4F69F}"
EndProject
Project("{2150E333-8FDC-42A3-9474-1A3956D46DE8}") = "Restaurant", "Restaurant", "{CA83CC5D-9922-4B09-B630-52266918B04C}"
EndProject
Project("{FAE04EC0-301F-11D3-BF4B-00C04F79EFBC}") = "Restaurant.Application", "src\Core\Restaurant\Restaurant.Application\Restaurant.Application.csproj", "{53FF30B8-82AC-4BBF-9D1D-F7167EA06D9B}"
EndProject
Project("{FAE04EC0-301F-11D3-BF4B-00C04F79EFBC}") = "Restaurant.Application.Domain", "src\Core\Restaurant\Restaurant.Application.Domain\Restaurant.Application.Domain.csproj", "{7C75AE3F-1DCB-499E-AEEF-F500D874CDBD}"
EndProject
Project("{2150E333-8FDC-42A3-9474-1A3956D46DE8}") = "Postgres", "Postgres", "{83F1CC78-C6D7-4987-8E86-2DD671CBF654}"
EndProject
Project("{FAE04EC0-301F-11D3-BF4B-00C04F79EFBC}") = "Restaurant.Postgres.Common", "src\Infrastructure\Postgres\Restaurant.Postgres.Common\Restaurant.Postgres.Common.csproj", "{13F98B47-5687-4485-B6C4-959A4652B0B8}"
EndProject
Project("{FAE04EC0-301F-11D3-BF4B-00C04F79EFBC}") = "Restaurant.Postgres.Infrastructure", "src\Infrastructure\Postgres\Restaurant.Postgres.Infrastructure\Restaurant.Postgres.Infrastructure.csproj", "{628A87DA-3DA5-419A-B60A-BC55F928F92B}"
EndProject
Project("{FAE04EC0-301F-11D3-BF4B-00C04F79EFBC}") = "Restaurant.Postgres.Migration", "src\Infrastructure\Postgres\Restaurant.Postgres.Migration\Restaurant.Postgres.Migration.csproj", "{C1410F80-5801-468F-9EE8-13F89EEC1D38}"
EndProject
Project("{FAE04EC0-301F-11D3-BF4B-00C04F79EFBC}") = "Restaurant.Infrastructure.Common", "src\Infrastructure\Restaurant.Infrastructure.Common\Restaurant.Infrastructure.Common.csproj", "{3D682120-648F-4356-AE26-B6382E9EE678}"
EndProject
Project("{FAE04EC0-301F-11D3-BF4B-00C04F79EFBC}") = "Restaurant.Api", "src\Presentation\Restaurant.Api\Restaurant.Api.csproj", "{038003E0-92D8-4443-9E71-76164E584DE2}"
EndProject
Project("{FAE04EC0-301F-11D3-BF4B-00C04F79EFBC}") = "Restaurant.Application.Abstractions", "src\Core\Restaurant\Restaurant.Application.Abstractions\Restaurant.Application.Abstractions.csproj", "{B2FF54FE-5ED0-4ED2-AA4C-746DE989A823}"
EndProject
Global
	GlobalSection(SolutionConfigurationPlatforms) = preSolution
		Debug|x64 = Debug|x64
		Debug|x86 = Debug|x86
		Release|x64 = Release|x64
		Release|x86 = Release|x86
	EndGlobalSection
	GlobalSection(ProjectConfigurationPlatforms) = postSolution
		{62000823-AA48-4799-B44C-A2B96AA4F69F}.Debug|x64.ActiveCfg = Debug|Any CPU
		{62000823-AA48-4799-B44C-A2B96AA4F69F}.Debug|x64.Build.0 = Debug|Any CPU
		{62000823-AA48-4799-B44C-A2B96AA4F69F}.Debug|x86.ActiveCfg = Debug|Any CPU
		{62000823-AA48-4799-B44C-A2B96AA4F69F}.Debug|x86.Build.0 = Debug|Any CPU
		{62000823-AA48-4799-B44C-A2B96AA4F69F}.Release|x64.ActiveCfg = Release|Any CPU
		{62000823-AA48-4799-B44C-A2B96AA4F69F}.Release|x64.Build.0 = Release|Any CPU
		{62000823-AA48-4799-B44C-A2B96AA4F69F}.Release|x86.ActiveCfg = Release|Any CPU
		{62000823-AA48-4799-B44C-A2B96AA4F69F}.Release|x86.Build.0 = Release|Any CPU
		{53FF30B8-82AC-4BBF-9D1D-F7167EA06D9B}.Debug|x64.ActiveCfg = Debug|Any CPU
		{53FF30B8-82AC-4BBF-9D1D-F7167EA06D9B}.Debug|x64.Build.0 = Debug|Any CPU
		{53FF30B8-82AC-4BBF-9D1D-F7167EA06D9B}.Debug|x86.ActiveCfg = Debug|Any CPU
		{53FF30B8-82AC-4BBF-9D1D-F7167EA06D9B}.Debug|x86.Build.0 = Debug|Any CPU
		{53FF30B8-82AC-4BBF-9D1D-F7167EA06D9B}.Release|x64.ActiveCfg = Release|Any CPU
		{53FF30B8-82AC-4BBF-9D1D-F7167EA06D9B}.Release|x64.Build.0 = Release|Any CPU
		{53FF30B8-82AC-4BBF-9D1D-F7167EA06D9B}.Release|x86.ActiveCfg = Release|Any CPU
		{53FF30B8-82AC-4BBF-9D1D-F7167EA06D9B}.Release|x86.Build.0 = Release|Any CPU
		{7C75AE3F-1DCB-499E-AEEF-F500D874CDBD}.Debug|x64.ActiveCfg = Debug|Any CPU
		{7C75AE3F-1DCB-499E-AEEF-F500D874CDBD}.Debug|x64.Build.0 = Debug|Any CPU
		{7C75AE3F-1DCB-499E-AEEF-F500D874CDBD}.Debug|x86.ActiveCfg = Debug|Any CPU
		{7C75AE3F-1DCB-499E-AEEF-F500D874CDBD}.Debug|x86.Build.0 = Debug|Any CPU
		{7C75AE3F-1DCB-499E-AEEF-F500D874CDBD}.Release|x64.ActiveCfg = Release|Any CPU
		{7C75AE3F-1DCB-499E-AEEF-F500D874CDBD}.Release|x64.Build.0 = Release|Any CPU
		{7C75AE3F-1DCB-499E-AEEF-F500D874CDBD}.Release|x86.ActiveCfg = Release|Any CPU
		{7C75AE3F-1DCB-499E-AEEF-F500D874CDBD}.Release|x86.Build.0 = Release|Any CPU
		{13F98B47-5687-4485-B6C4-959A4652B0B8}.Debug|x64.ActiveCfg = Debug|Any CPU
		{13F98B47-5687-4485-B6C4-959A4652B0B8}.Debug|x64.Build.0 = Debug|Any CPU
		{13F98B47-5687-4485-B6C4-959A4652B0B8}.Debug|x86.ActiveCfg = Debug|Any CPU
		{13F98B47-5687-4485-B6C4-959A4652B0B8}.Debug|x86.Build.0 = Debug|Any CPU
		{13F98B47-5687-4485-B6C4-959A4652B0B8}.Release|x64.ActiveCfg = Release|Any CPU
		{13F98B47-5687-4485-B6C4-959A4652B0B8}.Release|x64.Build.0 = Release|Any CPU
		{13F98B47-5687-4485-B6C4-959A4652B0B8}.Release|x86.ActiveCfg = Release|Any CPU
		{13F98B47-5687-4485-B6C4-959A4652B0B8}.Release|x86.Build.0 = Release|Any CPU
		{628A87DA-3DA5-419A-B60A-BC55F928F92B}.Debug|x64.ActiveCfg = Debug|Any CPU
		{628A87DA-3DA5-419A-B60A-BC55F928F92B}.Debug|x64.Build.0 = Debug|Any CPU
		{628A87DA-3DA5-419A-B60A-BC55F928F92B}.Debug|x86.ActiveCfg = Debug|Any CPU
		{628A87DA-3DA5-419A-B60A-BC55F928F92B}.Debug|x86.Build.0 = Debug|Any CPU
		{628A87DA-3DA5-419A-B60A-BC55F928F92B}.Release|x64.ActiveCfg = Release|Any CPU
		{628A87DA-3DA5-419A-B60A-BC55F928F92B}.Release|x64.Build.0 = Release|Any CPU
		{628A87DA-3DA5-419A-B60A-BC55F928F92B}.Release|x86.ActiveCfg = Release|Any CPU
		{628A87DA-3DA5-419A-B60A-BC55F928F92B}.Release|x86.Build.0 = Release|Any CPU
		{C1410F80-5801-468F-9EE8-13F89EEC1D38}.Debug|x64.ActiveCfg = Debug|Any CPU
		{C1410F80-5801-468F-9EE8-13F89EEC1D38}.Debug|x64.Build.0 = Debug|Any CPU
		{C1410F80-5801-468F-9EE8-13F89EEC1D38}.Debug|x86.ActiveCfg = Debug|Any CPU
		{C1410F80-5801-468F-9EE8-13F89EEC1D38}.Debug|x86.Build.0 = Debug|Any CPU
		{C1410F80-5801-468F-9EE8-13F89EEC1D38}.Release|x64.ActiveCfg = Release|Any CPU
		{C1410F80-5801-468F-9EE8-13F89EEC1D38}.Release|x64.Build.0 = Release|Any CPU
		{C1410F80-5801-468F-9EE8-13F89EEC1D38}.Release|x86.ActiveCfg = Release|Any CPU
		{C1410F80-5801-468F-9EE8-13F89EEC1D38}.Release|x86.Build.0 = Release|Any CPU
		{3D682120-648F-4356-AE26-B6382E9EE678}.Debug|x64.ActiveCfg = Debug|Any CPU
		{3D682120-648F-4356-AE26-B6382E9EE678}.Debug|x64.Build.0 = Debug|Any CPU
		{3D682120-648F-4356-AE26-B6382E9EE678}.Debug|x86.ActiveCfg = Debug|Any CPU
		{3D682120-648F-4356-AE26-B6382E9EE678}.Debug|x86.Build.0 = Debug|Any CPU
		{3D682120-648F-4356-AE26-B6382E9EE678}.Release|x64.ActiveCfg = Release|Any CPU
		{3D682120-648F-4356-AE26-B6382E9EE678}.Release|x64.Build.0 = Release|Any CPU
		{3D682120-648F-4356-AE26-B6382E9EE678}.Release|x86.ActiveCfg = Release|Any CPU
		{3D682120-648F-4356-AE26-B6382E9EE678}.Release|x86.Build.0 = Release|Any CPU
		{038003E0-92D8-4443-9E71-76164E584DE2}.Debug|x64.ActiveCfg = Debug|Any CPU
		{038003E0-92D8-4443-9E71-76164E584DE2}.Debug|x64.Build.0 = Debug|Any CPU
		{038003E0-92D8-4443-9E71-76164E584DE2}.Debug|x86.ActiveCfg = Debug|Any CPU
		{038003E0-92D8-4443-9E71-76164E584DE2}.Debug|x86.Build.0 = Debug|Any CPU
		{038003E0-92D8-4443-9E71-76164E584DE2}.Release|x64.ActiveCfg = Release|Any CPU
		{038003E0-92D8-4443-9E71-76164E584DE2}.Release|x64.Build.0 = Release|Any CPU
		{038003E0-92D8-4443-9E71-76164E584DE2}.Release|x86.ActiveCfg = Release|Any CPU
		{038003E0-92D8-4443-9E71-76164E584DE2}.Release|x86.Build.0 = Release|Any CPU
		{B2FF54FE-5ED0-4ED2-AA4C-746DE989A823}.Debug|x64.ActiveCfg = Debug|Any CPU
		{B2FF54FE-5ED0-4ED2-AA4C-746DE989A823}.Debug|x64.Build.0 = Debug|Any CPU
		{B2FF54FE-5ED0-4ED2-AA4C-746DE989A823}.Debug|x86.ActiveCfg = Debug|Any CPU
		{B2FF54FE-5ED0-4ED2-AA4C-746DE989A823}.Debug|x86.Build.0 = Debug|Any CPU
		{B2FF54FE-5ED0-4ED2-AA4C-746DE989A823}.Release|x64.ActiveCfg = Release|Any CPU
		{B2FF54FE-5ED0-4ED2-AA4C-746DE989A823}.Release|x64.Build.0 = Release|Any CPU
		{B2FF54FE-5ED0-4ED2-AA4C-746DE989A823}.Release|x86.ActiveCfg = Release|Any CPU
		{B2FF54FE-5ED0-4ED2-AA4C-746DE989A823}.Release|x86.Build.0 = Release|Any CPU
	EndGlobalSection
	GlobalSection(SolutionProperties) = preSolution
		HideSolutionNode = FALSE
	EndGlobalSection
	GlobalSection(ExtensibilityGlobals) = postSolution
		SolutionGuid = {BD4B024D-1946-46F4-95BD-051B7317FD0D}
	EndGlobalSection
	GlobalSection(NestedProjects) = preSolution
		{F5018D5C-6F1D-4C5C-B9ED-B3D82A937A03} = {BA78CDF9-47FD-413F-BF72-0C337FBBBEE5}
		{2C3E6099-617F-4FA5-B383-17E07B4A6363} = {BA78CDF9-47FD-413F-BF72-0C337FBBBEE5}
		{B810C47D-30A9-44F5-8427-D7C3C90EF7DD} = {BA78CDF9-47FD-413F-BF72-0C337FBBBEE5}
		{9C237E09-AB37-455B-9181-3EC6559509A2} = {BA78CDF9-47FD-413F-BF72-0C337FBBBEE5}
		{62000823-AA48-4799-B44C-A2B96AA4F69F} = {F5018D5C-6F1D-4C5C-B9ED-B3D82A937A03}
		{CA83CC5D-9922-4B09-B630-52266918B04C} = {2C3E6099-617F-4FA5-B383-17E07B4A6363}
		{53FF30B8-82AC-4BBF-9D1D-F7167EA06D9B} = {CA83CC5D-9922-4B09-B630-52266918B04C}
		{7C75AE3F-1DCB-499E-AEEF-F500D874CDBD} = {CA83CC5D-9922-4B09-B630-52266918B04C}
		{83F1CC78-C6D7-4987-8E86-2DD671CBF654} = {B810C47D-30A9-44F5-8427-D7C3C90EF7DD}
		{13F98B47-5687-4485-B6C4-959A4652B0B8} = {83F1CC78-C6D7-4987-8E86-2DD671CBF654}
		{628A87DA-3DA5-419A-B60A-BC55F928F92B} = {83F1CC78-C6D7-4987-8E86-2DD671CBF654}
		{C1410F80-5801-468F-9EE8-13F89EEC1D38} = {83F1CC78-C6D7-4987-8E86-2DD671CBF654}
		{3D682120-648F-4356-AE26-B6382E9EE678} = {B810C47D-30A9-44F5-8427-D7C3C90EF7DD}
		{038003E0-92D8-4443-9E71-76164E584DE2} = {9C237E09-AB37-455B-9181-3EC6559509A2}
		{B2FF54FE-5ED0-4ED2-AA4C-746DE989A823} = {CA83CC5D-9922-4B09-B630-52266918B04C}
	EndGlobalSection
EndGlobal
